
Microsoft Visual Studio Solution File, Format Version 12.00
# Visual Studio Version 17
VisualStudioVersion = 17.1.32421.90
MinimumVisualStudioVersion = 10.0.40219.1
Project("{FAE04EC0-301F-11D3-BF4B-00C04F79EFBC}") = "GameServer", "GameServer\GameServer.csproj", "{8B33CE51-78C7-4E8B-A5D3-A27673164CDB}"
EndProject
Global
	GlobalSection(SolutionConfigurationPlatforms) = preSolution
		Debug|Any CPU = Debug|Any CPU
		Release|Any CPU = Release|Any CPU
	EndGlobalSection
	GlobalSection(ProjectConfigurationPlatforms) = postSolution
		{8B33CE51-78C7-4E8B-A5D3-A27673164CDB}.Debug|Any CPU.ActiveCfg = Debug|Any CPU
		{8B33CE51-78C7-4E8B-A5D3-A27673164CDB}.Debug|Any CPU.Build.0 = Debug|Any CPU
		{8B33CE51-78C7-4E8B-A5D3-A27673164CDB}.Release|Any CPU.ActiveCfg = Release|Any CPU
		{8B33CE51-78C7-4E8B-A5D3-A27673164CDB}.Release|Any CPU.Build.0 = Release|Any CPU
	EndGlobalSection
	GlobalSection(SolutionProperties) = preSolution
		HideSolutionNode = FALSE
	EndGlobalSection
	GlobalSection(ExtensibilityGlobals) = postSolution
		SolutionGuid = {ED316414-2B6D-4366-B675-A33CAA2512C6}
	EndGlobalSection
EndGlobal
